PODS:
  - Alamofire (5.2.2)
  - AlamofireImage (4.1.0):
    - Alamofire (~> 5.1)
  - FYTool (0.2.12):
    - Alamofire
    - AlamofireImage
    - SnapKit
  - SnapKit (5.0.1)

DEPENDENCIES:
  - FYTool (from `../`)

SPEC REPOS:
  trunk:
    - Alamofire
    - AlamofireImage
    - SnapKit

EXTERNAL SOURCES:
  FYTool:
    :path: "../"

SPEC CHECKSUMS:
  Alamofire: 814429acc853c6c54ff123fc3d2ef66803823ce0
  AlamofireImage: c4a2ba349885fb3064feb74d2e547bd42ce9be10
  FYTool: 4a21c12c1eb1869d5c5bc27b8dab4b4cfb1e9463
  SnapKit: 97b92857e3df3a0c71833cce143274bf6ef8e5eb

PODFILE CHECKSUM: 82b70a6f72d3dae6d150a9527cd809da0dfd1366

COCOAPODS: 1.9.3
