PODS:
  - FYTool (0.1.3):
    - SnapKit
  - SnapKit (5.0.1)

DEPENDENCIES:
  - FYTool

SPEC REPOS:
  trunk:
    - FYTool
    - SnapKit

SPEC CHECKSUMS:
  FYTool: c8f064d77ed6b761e7b9c6b2a71adca4cf6fb43b
  SnapKit: 97b92857e3df3a0c71833cce143274bf6ef8e5eb

PODFILE CHECKSUM: c4ec08109407d0b1177f5f3bf7712bda7445aca4

COCOAPODS: 1.9.1
